// !$*UTF8*$!
{
	archiveVersion = 1;
	classes = {
	};
	objectVersion = 56;
	objects = {

/* Begin PBXBuildFile section */
		7400F3432AA5FAB1003CB8BA /* PickerTextField.swift in Sources */ = {isa = PBXBuildFile; fileRef = 7400F3422AA5FAB1003CB8BA /* PickerTextField.swift */; };
		7400F3452AA5FDA1003CB8BA /* PickerField.swift in Sources */ = {isa = PBXBuildFile; fileRef = 7400F3442AA5FDA1003CB8BA /* PickerField.swift */; };
		7473FF5929F68D0400F2F058 /* SwiftKeyboardApp.swift in Sources */ = {isa = PBXBuildFile; fileRef = 7473FF5829F68D0400F2F058 /* SwiftKeyboardApp.swift */; };
		7473FF5B29F68D0400F2F058 /* ContentView.swift in Sources */ = {isa = PBXBuildFile; fileRef = 7473FF5A29F68D0400F2F058 /* ContentView.swift */; };
		7473FF5D29F68D0600F2F058 /* Assets.xcassets in Resources */ = {isa = PBXBuildFile; fileRef = 7473FF5C29F68D0600F2F058 /* Assets.xcassets */; };
		7473FF6029F68D0600F2F058 /* Preview Assets.xcassets in Resources */ = {isa = PBXBuildFile; fileRef = 7473FF5F29F68D0600F2F058 /* Preview Assets.xcassets */; };
		7473FF8129F6906900F2F058 /* KeyboardExampleExtension.appex in Embed Foundation Extensions */ = {isa = PBXBuildFile; fileRef = 7473FF7A29F6906900F2F058 /* KeyboardExampleExtension.appex */; settings = {ATTRIBUTES = (RemoveHeadersOnCopy, ); }; };
		74FA06AF2BC77D7500C7378B /* EventMediatorProtocol.swift in Sources */ = {isa = PBXBuildFile; fileRef = 74FA068F2BC77D7500C7378B /* EventMediatorProtocol.swift */; };
		74FA06B02BC77D7500C7378B /* KeyActionEventType.swift in Sources */ = {isa = PBXBuildFile; fileRef = 74FA06902BC77D7500C7378B /* KeyActionEventType.swift */; };
		74FA06B12BC77D7500C7378B /* KeyboardLayoutEvent.swift in Sources */ = {isa = PBXBuildFile; fileRef = 74FA06912BC77D7500C7378B /* KeyboardLayoutEvent.swift */; };
		74FA06B22BC77D7500C7378B /* KeyboardUIEventType.swift in Sources */ = {isa = PBXBuildFile; fileRef = 74FA06922BC77D7500C7378B /* KeyboardUIEventType.swift */; };
		74FA06B32BC77D7500C7378B /* KeyButton.swift in Sources */ = {isa = PBXBuildFile; fileRef = 74FA06942BC77D7500C7378B /* KeyButton.swift */; };
		74FA06B42BC77D7500C7378B /* KeyRow.swift in Sources */ = {isa = PBXBuildFile; fileRef = 74FA06952BC77D7500C7378B /* KeyRow.swift */; };
		74FA06B52BC77D7500C7378B /* Keyboard.swift in Sources */ = {isa = PBXBuildFile; fileRef = 74FA06972BC77D7500C7378B /* Keyboard.swift */; };
		74FA06B62BC77D7500C7378B /* String+Extension.swift in Sources */ = {isa = PBXBuildFile; fileRef = 74FA069A2BC77D7500C7378B /* String+Extension.swift */; };
		74FA06B72BC77D7500C7378B /* KeyboardDataModel.swift in Sources */ = {isa = PBXBuildFile; fileRef = 74FA069C2BC77D7500C7378B /* KeyboardDataModel.swift */; };
		74FA06B82BC77D7500C7378B /* KeyActionController.swift in Sources */ = {isa = PBXBuildFile; fileRef = 74FA069E2BC77D7500C7378B /* KeyActionController.swift */; };
		74FA06B92BC77D7500C7378B /* InputController.swift in Sources */ = {isa = PBXBuildFile; fileRef = 74FA06A02BC77D7500C7378B /* InputController.swift */; };
		74FA06BA2BC77D7500C7378B /* InputController+Combine.swift in Sources */ = {isa = PBXBuildFile; fileRef = 74FA06A12BC77D7500C7378B /* InputController+Combine.swift */; };
		74FA06BB2BC77D7500C7378B /* KeyboardInputViewController.swift in Sources */ = {isa = PBXBuildFile; fileRef = 74FA06A42BC77D7500C7378B /* KeyboardInputViewController.swift */; };
		74FA06BC2BC77D7500C7378B /* KeyboardUIController.swift in Sources */ = {isa = PBXBuildFile; fileRef = 74FA06A52BC77D7500C7378B /* KeyboardUIController.swift */; };
		74FA06BD2BC77D7500C7378B /* ENGample.json in Resources */ = {isa = PBXBuildFile; fileRef = 74FA06A82BC77D7500C7378B /* ENGample.json */; };
		74FA06BE2BC77D7500C7378B /* KKORample.json in Resources */ = {isa = PBXBuildFile; fileRef = 74FA06A92BC77D7500C7378B /* KKORample.json */; };
		74FA06BF2BC77D7500C7378B /* KORample.json in Resources */ = {isa = PBXBuildFile; fileRef = 74FA06AA2BC77D7500C7378B /* KORample.json */; };
		74FA06C02BC77D7500C7378B /* NUMample.json in Resources */ = {isa = PBXBuildFile; fileRef = 74FA06AB2BC77D7500C7378B /* NUMample.json */; };
		74FA06C12BC77D7500C7378B /* SPCample.json in Resources */ = {isa = PBXBuildFile; fileRef = 74FA06AC2BC77D7500C7378B /* SPCample.json */; };
		74FA06C22BC77D7500C7378B /* UpperENGample.json in Resources */ = {isa = PBXBuildFile; fileRef = 74FA06AD2BC77D7500C7378B /* UpperENGample.json */; };
		74FA06C32BC77DBB00C7378B /* KeyActionController.swift in Sources */ = {isa = PBXBuildFile; fileRef = 74FA069E2BC77D7500C7378B /* KeyActionController.swift */; };
		74FA06C42BC77DC000C7378B /* InputController.swift in Sources */ = {isa = PBXBuildFile; fileRef = 74FA06A02BC77D7500C7378B /* InputController.swift */; };
		74FA06C52BC77DC300C7378B /* InputController+Combine.swift in Sources */ = {isa = PBXBuildFile; fileRef = 74FA06A12BC77D7500C7378B /* InputController+Combine.swift */; };
		74FA06C62BC77DDC00C7378B /* EventMediatorProtocol.swift in Sources */ = {isa = PBXBuildFile; fileRef = 74FA068F2BC77D7500C7378B /* EventMediatorProtocol.swift */; };
		74FA06C72BC77DDC00C7378B /* KeyRow.swift in Sources */ = {isa = PBXBuildFile; fileRef = 74FA06952BC77D7500C7378B /* KeyRow.swift */; };
		74FA06C82BC77DDC00C7378B /* KeyboardLayoutEvent.swift in Sources */ = {isa = PBXBuildFile; fileRef = 74FA06912BC77D7500C7378B /* KeyboardLayoutEvent.swift */; };
		74FA06C92BC77DDC00C7378B /* KeyButton.swift in Sources */ = {isa = PBXBuildFile; fileRef = 74FA06942BC77D7500C7378B /* KeyButton.swift */; };
		74FA06CA2BC77DDC00C7378B /* KeyActionEventType.swift in Sources */ = {isa = PBXBuildFile; fileRef = 74FA06902BC77D7500C7378B /* KeyActionEventType.swift */; };
		74FA06CB2BC77DDC00C7378B /* KeyboardUIEventType.swift in Sources */ = {isa = PBXBuildFile; fileRef = 74FA06922BC77D7500C7378B /* KeyboardUIEventType.swift */; };
		74FA06CC2BC77DDC00C7378B /* Keyboard.swift in Sources */ = {isa = PBXBuildFile; fileRef = 74FA06972BC77D7500C7378B /* Keyboard.swift */; };
		74FA06CD2BC77DE100C7378B /* KeyboardDataModel.swift in Sources */ = {isa = PBXBuildFile; fileRef = 74FA069C2BC77D7500C7378B /* KeyboardDataModel.swift */; };
		74FA06CE2BC77DE400C7378B /* String+Extension.swift in Sources */ = {isa = PBXBuildFile; fileRef = 74FA069A2BC77D7500C7378B /* String+Extension.swift */; };
		74FA06CF2BC77DE900C7378B /* UpperENGample.json in Resources */ = {isa = PBXBuildFile; fileRef = 74FA06AD2BC77D7500C7378B /* UpperENGample.json */; };
		74FA06D02BC77DE900C7378B /* ENGample.json in Resources */ = {isa = PBXBuildFile; fileRef = 74FA06A82BC77D7500C7378B /* ENGample.json */; };
		74FA06D12BC77DE900C7378B /* KKORample.json in Resources */ = {isa = PBXBuildFile; fileRef = 74FA06A92BC77D7500C7378B /* KKORample.json */; };
		74FA06D22BC77DE900C7378B /* KORample.json in Resources */ = {isa = PBXBuildFile; fileRef = 74FA06AA2BC77D7500C7378B /* KORample.json */; };
		74FA06D32BC77DE900C7378B /* SPCample.json in Resources */ = {isa = PBXBuildFile; fileRef = 74FA06AC2BC77D7500C7378B /* SPCample.json */; };
		74FA06D42BC77DE900C7378B /* NUMample.json in Resources */ = {isa = PBXBuildFile; fileRef = 74FA06AB2BC77D7500C7378B /* NUMample.json */; };
		74FA06D52BC77E2A00C7378B /* KeyboardUIController.swift in Sources */ = {isa = PBXBuildFile; fileRef = 74FA06A52BC77D7500C7378B /* KeyboardUIController.swift */; };
		74FA06D62BC77E2D00C7378B /* KeyboardInputViewController.swift in Sources */ = {isa = PBXBuildFile; fileRef = 74FA06A42BC77D7500C7378B /* KeyboardInputViewController.swift */; };
/* End PBXBuildFile section */

/* Begin PBXContainerItemProxy section */
		7473FF7F29F6906900F2F058 /* PBXContainerItemProxy */ = {
			isa = PBXContainerItemProxy;
			containerPortal = 7473FF4D29F68D0400F2F058 /* Project object */;
			proxyType = 1;
			remoteGlobalIDString = 7473FF7929F6906900F2F058;
			remoteInfo = Swifter;
		};
/* End PBXContainerItemProxy section */

/* Begin PBXCopyFilesBuildPhase section */
		7473FF7529F68D4600F2F058 /* Embed Foundation Extensions */ = {
			isa = PBXCopyFilesBuildPhase;
			buildActionMask = 2147483647;
			dstPath = "";
			dstSubfolderSpec = 13;
			files = (
				7473FF8129F6906900F2F058 /* KeyboardExampleExtension.appex in Embed Foundation Extensions */,
			);
			name = "Embed Foundation Extensions";
			runOnlyForDeploymentPostprocessing = 0;
		};
/* End PBXCopyFilesBuildPhase section */

/* Begin PBXFileReference section */
		7400F3422AA5FAB1003CB8BA /* PickerTextField.swift */ = {isa = PBXFileReference; lastKnownFileType = sourcecode.swift; path = PickerTextField.swift; sourceTree = "<group>"; };
		7400F3442AA5FDA1003CB8BA /* PickerField.swift */ = {isa = PBXFileReference; lastKnownFileType = sourcecode.swift; path = PickerField.swift; sourceTree = "<group>"; };
		740AFCB829F798C700C91FF1 /* CombineKorean.md */ = {isa = PBXFileReference; lastKnownFileType = net.daringfireball.markdown; path = CombineKorean.md; sourceTree = "<group>"; };
		7473FF5529F68D0400F2F058 /* KeyboardExampleApp.app */ = {isa = PBXFileReference; explicitFileType = wrapper.application; includeInIndex = 0; path = KeyboardExampleApp.app; sourceTree = BUILT_PRODUCTS_DIR; };
		7473FF5829F68D0400F2F058 /* SwiftKeyboardApp.swift */ = {isa = PBXFileReference; lastKnownFileType = sourcecode.swift; path = SwiftKeyboardApp.swift; sourceTree = "<group>"; };
		7473FF5A29F68D0400F2F058 /* ContentView.swift */ = {isa = PBXFileReference; lastKnownFileType = sourcecode.swift; path = ContentView.swift; sourceTree = "<group>"; };
		7473FF5C29F68D0600F2F058 /* Assets.xcassets */ = {isa = PBXFileReference; lastKnownFileType = folder.assetcatalog; path = Assets.xcassets; sourceTree = "<group>"; };
		7473FF5F29F68D0600F2F058 /* Preview Assets.xcassets */ = {isa = PBXFileReference; lastKnownFileType = folder.assetcatalog; path = "Preview Assets.xcassets"; sourceTree = "<group>"; };
		7473FF7A29F6906900F2F058 /* KeyboardExampleExtension.appex */ = {isa = PBXFileReference; explicitFileType = "wrapper.app-extension"; includeInIndex = 0; path = KeyboardExampleExtension.appex; sourceTree = BUILT_PRODUCTS_DIR; };
		7473FF7E29F6906900F2F058 /* Info.plist */ = {isa = PBXFileReference; lastKnownFileType = text.plist.xml; path = Info.plist; sourceTree = "<group>"; };
		74FA068F2BC77D7500C7378B /* EventMediatorProtocol.swift */ = {isa = PBXFileReference; fileEncoding = 4; lastKnownFileType = sourcecode.swift; path = EventMediatorProtocol.swift; sourceTree = "<group>"; };
		74FA06902BC77D7500C7378B /* KeyActionEventType.swift */ = {isa = PBXFileReference; fileEncoding = 4; lastKnownFileType = sourcecode.swift; path = KeyActionEventType.swift; sourceTree = "<group>"; };
		74FA06912BC77D7500C7378B /* KeyboardLayoutEvent.swift */ = {isa = PBXFileReference; fileEncoding = 4; lastKnownFileType = sourcecode.swift; path = KeyboardLayoutEvent.swift; sourceTree = "<group>"; };
		74FA06922BC77D7500C7378B /* KeyboardUIEventType.swift */ = {isa = PBXFileReference; fileEncoding = 4; lastKnownFileType = sourcecode.swift; path = KeyboardUIEventType.swift; sourceTree = "<group>"; };
		74FA06942BC77D7500C7378B /* KeyButton.swift */ = {isa = PBXFileReference; fileEncoding = 4; lastKnownFileType = sourcecode.swift; path = KeyButton.swift; sourceTree = "<group>"; };
		74FA06952BC77D7500C7378B /* KeyRow.swift */ = {isa = PBXFileReference; fileEncoding = 4; lastKnownFileType = sourcecode.swift; path = KeyRow.swift; sourceTree = "<group>"; };
		74FA06972BC77D7500C7378B /* Keyboard.swift */ = {isa = PBXFileReference; fileEncoding = 4; lastKnownFileType = sourcecode.swift; path = Keyboard.swift; sourceTree = "<group>"; };
		74FA069A2BC77D7500C7378B /* String+Extension.swift */ = {isa = PBXFileReference; fileEncoding = 4; lastKnownFileType = sourcecode.swift; path = "String+Extension.swift"; sourceTree = "<group>"; };
		74FA069C2BC77D7500C7378B /* KeyboardDataModel.swift */ = {isa = PBXFileReference; fileEncoding = 4; lastKnownFileType = sourcecode.swift; path = KeyboardDataModel.swift; sourceTree = "<group>"; };
		74FA069E2BC77D7500C7378B /* KeyActionController.swift */ = {isa = PBXFileReference; fileEncoding = 4; lastKnownFileType = sourcecode.swift; path = KeyActionController.swift; sourceTree = "<group>"; };
		74FA06A02BC77D7500C7378B /* InputController.swift */ = {isa = PBXFileReference; fileEncoding = 4; lastKnownFileType = sourcecode.swift; path = InputController.swift; sourceTree = "<group>"; };
		74FA06A12BC77D7500C7378B /* InputController+Combine.swift */ = {isa = PBXFileReference; fileEncoding = 4; lastKnownFileType = sourcecode.swift; path = "InputController+Combine.swift"; sourceTree = "<group>"; };
		74FA06A42BC77D7500C7378B /* KeyboardInputViewController.swift */ = {isa = PBXFileReference; fileEncoding = 4; lastKnownFileType = sourcecode.swift; path = KeyboardInputViewController.swift; sourceTree = "<group>"; };
		74FA06A52BC77D7500C7378B /* KeyboardUIController.swift */ = {isa = PBXFileReference; fileEncoding = 4; lastKnownFileType = sourcecode.swift; path = KeyboardUIController.swift; sourceTree = "<group>"; };
		74FA06A82BC77D7500C7378B /* ENGample.json */ = {isa = PBXFileReference; fileEncoding = 4; lastKnownFileType = text.json; path = ENGample.json; sourceTree = "<group>"; };
		74FA06A92BC77D7500C7378B /* KKORample.json */ = {isa = PBXFileReference; fileEncoding = 4; lastKnownFileType = text.json; path = KKORample.json; sourceTree = "<group>"; };
		74FA06AA2BC77D7500C7378B /* KORample.json */ = {isa = PBXFileReference; fileEncoding = 4; lastKnownFileType = text.json; path = KORample.json; sourceTree = "<group>"; };
		74FA06AB2BC77D7500C7378B /* NUMample.json */ = {isa = PBXFileReference; fileEncoding = 4; lastKnownFileType = text.json; path = NUMample.json; sourceTree = "<group>"; };
		74FA06AC2BC77D7500C7378B /* SPCample.json */ = {isa = PBXFileReference; fileEncoding = 4; lastKnownFileType = text.json; path = SPCample.json; sourceTree = "<group>"; };
		74FA06AD2BC77D7500C7378B /* UpperENGample.json */ = {isa = PBXFileReference; fileEncoding = 4; lastKnownFileType = text.json; path = UpperENGample.json; sourceTree = "<group>"; };
		74FA06D92BC781FF00C7378B /* DataFlow.md */ = {isa = PBXFileReference; fileEncoding = 4; lastKnownFileType = net.daringfireball.markdown; path = DataFlow.md; sourceTree = "<group>"; };
		74FA06DA2BC781FF00C7378B /* CheckPoint.md */ = {isa = PBXFileReference; fileEncoding = 4; lastKnownFileType = net.daringfireball.markdown; path = CheckPoint.md; sourceTree = "<group>"; };
/* End PBXFileReference section */

/* Begin PBXFrameworksBuildPhase section */
		7473FF5229F68D0400F2F058 /* Frameworks */ = {
			isa = PBXFrameworksBuildPhase;
			buildActionMask = 2147483647;
			files = (
			);
			runOnlyForDeploymentPostprocessing = 0;
		};
		7473FF7729F6906900F2F058 /* Frameworks */ = {
			isa = PBXFrameworksBuildPhase;
			buildActionMask = 2147483647;
			files = (
			);
			runOnlyForDeploymentPostprocessing = 0;
		};
/* End PBXFrameworksBuildPhase section */

/* Begin PBXGroup section */
		7400F3462AA6F542003CB8BA /* Picker */ = {
			isa = PBXGroup;
			children = (
				7400F3422AA5FAB1003CB8BA /* PickerTextField.swift */,
				7400F3442AA5FDA1003CB8BA /* PickerField.swift */,
			);
			path = Picker;
			sourceTree = "<group>";
		};
		740AFCB729F798A100C91FF1 /* Docs */ = {
			isa = PBXGroup;
			children = (
				740AFCB829F798C700C91FF1 /* CombineKorean.md */,
				74FA06DA2BC781FF00C7378B /* CheckPoint.md */,
				74FA06D92BC781FF00C7378B /* DataFlow.md */,
			);
			path = Docs;
			sourceTree = "<group>";
		};
		7473FF4C29F68D0400F2F058 = {
			isa = PBXGroup;
			children = (
				740AFCB729F798A100C91FF1 /* Docs */,
				7473FF5729F68D0400F2F058 /* KeyboardApp */,
				7473FF7B29F6906900F2F058 /* KeyboardExtension */,
				7473FF5629F68D0400F2F058 /* Products */,
			);
			sourceTree = "<group>";
		};
		7473FF5629F68D0400F2F058 /* Products */ = {
			isa = PBXGroup;
			children = (
				7473FF5529F68D0400F2F058 /* KeyboardExampleApp.app */,
				7473FF7A29F6906900F2F058 /* KeyboardExampleExtension.appex */,
			);
			name = Products;
			sourceTree = "<group>";
		};
		7473FF5729F68D0400F2F058 /* KeyboardApp */ = {
			isa = PBXGroup;
			children = (
				74EDC7952AA1A2F700389FE9 /* CustomInput */,
				7473FF5829F68D0400F2F058 /* SwiftKeyboardApp.swift */,
				7473FF5A29F68D0400F2F058 /* ContentView.swift */,
				7473FF5C29F68D0600F2F058 /* Assets.xcassets */,
				7473FF5E29F68D0600F2F058 /* Preview Content */,
			);
			path = KeyboardApp;
			sourceTree = "<group>";
		};
		7473FF5E29F68D0600F2F058 /* Preview Content */ = {
			isa = PBXGroup;
			children = (
				7473FF5F29F68D0600F2F058 /* Preview Assets.xcassets */,
			);
			path = "Preview Content";
			sourceTree = "<group>";
		};
		7473FF7B29F6906900F2F058 /* KeyboardExtension */ = {
			isa = PBXGroup;
			children = (
				74FA069B2BC77D7500C7378B /* Extension */,
				74FA06AE2BC77D7500C7378B /* Data */,
				74FA06A72BC77D7500C7378B /* Controller */,
				74FA06992BC77D7500C7378B /* View */,
				74FA069D2BC77D7500C7378B /* Model */,
				7473FF7E29F6906900F2F058 /* Info.plist */,
			);
			path = KeyboardExtension;
			sourceTree = "<group>";
		};
		74EDC7952AA1A2F700389FE9 /* CustomInput */ = {
			isa = PBXGroup;
			children = (
				7400F3462AA6F542003CB8BA /* Picker */,
			);
			path = CustomInput;
			sourceTree = "<group>";
		};
		74FA06932BC77D7500C7378B /* enum */ = {
			isa = PBXGroup;
			children = (
				74FA068F2BC77D7500C7378B /* EventMediatorProtocol.swift */,
				74FA06902BC77D7500C7378B /* KeyActionEventType.swift */,
				74FA06912BC77D7500C7378B /* KeyboardLayoutEvent.swift */,
				74FA06922BC77D7500C7378B /* KeyboardUIEventType.swift */,
			);
			path = enum;
			sourceTree = "<group>";
		};
		74FA06962BC77D7500C7378B /* Item */ = {
			isa = PBXGroup;
			children = (
				74FA06942BC77D7500C7378B /* KeyButton.swift */,
				74FA06952BC77D7500C7378B /* KeyRow.swift */,
			);
			path = Item;
			sourceTree = "<group>";
		};
		74FA06982BC77D7500C7378B /* Keyboard */ = {
			isa = PBXGroup;
			children = (
				74FA06932BC77D7500C7378B /* enum */,
				74FA06962BC77D7500C7378B /* Item */,
				74FA06972BC77D7500C7378B /* Keyboard.swift */,
			);
			path = Keyboard;
			sourceTree = "<group>";
		};
		74FA06992BC77D7500C7378B /* View */ = {
			isa = PBXGroup;
			children = (
				74FA06982BC77D7500C7378B /* Keyboard */,
			);
			path = View;
			sourceTree = "<group>";
		};
		74FA069B2BC77D7500C7378B /* Extension */ = {
			isa = PBXGroup;
			children = (
				74FA069A2BC77D7500C7378B /* String+Extension.swift */,
			);
			path = Extension;
			sourceTree = "<group>";
		};
		74FA069D2BC77D7500C7378B /* Model */ = {
			isa = PBXGroup;
			children = (
				74FA069C2BC77D7500C7378B /* KeyboardDataModel.swift */,
			);
			path = Model;
			sourceTree = "<group>";
		};
		74FA069F2BC77D7500C7378B /* Action */ = {
			isa = PBXGroup;
			children = (
				74FA069E2BC77D7500C7378B /* KeyActionController.swift */,
			);
			path = Action;
			sourceTree = "<group>";
		};
		74FA06A22BC77D7500C7378B /* Input */ = {
			isa = PBXGroup;
			children = (
				74FA06A02BC77D7500C7378B /* InputController.swift */,
				74FA06A12BC77D7500C7378B /* InputController+Combine.swift */,
			);
			path = Input;
			sourceTree = "<group>";
		};
		74FA06A62BC77D7500C7378B /* Keyboard */ = {
			isa = PBXGroup;
			children = (
				74FA06A52BC77D7500C7378B /* KeyboardUIController.swift */,
				74FA06A42BC77D7500C7378B /* KeyboardInputViewController.swift */,
			);
			path = Keyboard;
			sourceTree = "<group>";
		};
		74FA06A72BC77D7500C7378B /* Controller */ = {
			isa = PBXGroup;
			children = (
				74FA069F2BC77D7500C7378B /* Action */,
				74FA06A22BC77D7500C7378B /* Input */,
				74FA06A62BC77D7500C7378B /* Keyboard */,
			);
			path = Controller;
			sourceTree = "<group>";
		};
		74FA06AE2BC77D7500C7378B /* Data */ = {
			isa = PBXGroup;
			children = (
				74FA06A82BC77D7500C7378B /* ENGample.json */,
				74FA06A92BC77D7500C7378B /* KKORample.json */,
				74FA06AA2BC77D7500C7378B /* KORample.json */,
				74FA06AB2BC77D7500C7378B /* NUMample.json */,
				74FA06AC2BC77D7500C7378B /* SPCample.json */,
				74FA06AD2BC77D7500C7378B /* UpperENGample.json */,
			);
			path = Data;
			sourceTree = "<group>";
		};
/* End PBXGroup section */

/* Begin PBXNativeTarget section */
		7473FF5429F68D0400F2F058 /* KeyboardExampleApp */ = {
			isa = PBXNativeTarget;
			buildConfigurationList = 7473FF6329F68D0600F2F058 /* Build configuration list for PBXNativeTarget "KeyboardExampleApp" */;
			buildPhases = (
				7473FF5129F68D0400F2F058 /* Sources */,
				7473FF5229F68D0400F2F058 /* Frameworks */,
				7473FF5329F68D0400F2F058 /* Resources */,
				7473FF7529F68D4600F2F058 /* Embed Foundation Extensions */,
			);
			buildRules = (
			);
			dependencies = (
				7473FF8029F6906900F2F058 /* PBXTargetDependency */,
			);
			name = KeyboardExampleApp;
			productName = SwiftKeyboard;
			productReference = 7473FF5529F68D0400F2F058 /* KeyboardExampleApp.app */;
			productType = "com.apple.product-type.application";
		};
		7473FF7929F6906900F2F058 /* KeyboardExampleExtension */ = {
			isa = PBXNativeTarget;
			buildConfigurationList = 7473FF8229F6906900F2F058 /* Build configuration list for PBXNativeTarget "KeyboardExampleExtension" */;
			buildPhases = (
				7473FF7629F6906900F2F058 /* Sources */,
				7473FF7729F6906900F2F058 /* Frameworks */,
				7473FF7829F6906900F2F058 /* Resources */,
			);
			buildRules = (
			);
			dependencies = (
			);
			name = KeyboardExampleExtension;
			productName = Swifter;
			productReference = 7473FF7A29F6906900F2F058 /* KeyboardExampleExtension.appex */;
			productType = "com.apple.product-type.app-extension";
		};
/* End PBXNativeTarget section */

/* Begin PBXProject section */
		7473FF4D29F68D0400F2F058 /* Project object */ = {
			isa = PBXProject;
			attributes = {
				BuildIndependentTargetsInParallel = 1;
				LastSwiftUpdateCheck = 1430;
				LastUpgradeCheck = 1430;
				TargetAttributes = {
					7473FF5429F68D0400F2F058 = {
						CreatedOnToolsVersion = 14.3;
					};
					7473FF7929F6906900F2F058 = {
						CreatedOnToolsVersion = 14.3;
					};
				};
			};
			buildConfigurationList = 7473FF5029F68D0400F2F058 /* Build configuration list for PBXProject "KeyboardExample" */;
			compatibilityVersion = "Xcode 14.0";
			developmentRegion = en;
			hasScannedForEncodings = 0;
			knownRegions = (
				en,
				Base,
			);
			mainGroup = 7473FF4C29F68D0400F2F058;
			productRefGroup = 7473FF5629F68D0400F2F058 /* Products */;
			projectDirPath = "";
			projectRoot = "";
			targets = (
				7473FF5429F68D0400F2F058 /* KeyboardExampleApp */,
				7473FF7929F6906900F2F058 /* KeyboardExampleExtension */,
			);
		};
/* End PBXProject section */

/* Begin PBXResourcesBuildPhase section */
		7473FF5329F68D0400F2F058 /* Resources */ = {
			isa = PBXResourcesBuildPhase;
			buildActionMask = 2147483647;
			files = (
				74FA06BE2BC77D7500C7378B /* KKORample.json in Resources */,
				74FA06C12BC77D7500C7378B /* SPCample.json in Resources */,
				74FA06BD2BC77D7500C7378B /* ENGample.json in Resources */,
				74FA06C02BC77D7500C7378B /* NUMample.json in Resources */,
				7473FF6029F68D0600F2F058 /* Preview Assets.xcassets in Resources */,
				7473FF5D29F68D0600F2F058 /* Assets.xcassets in Resources */,
				74FA06BF2BC77D7500C7378B /* KORample.json in Resources */,
				74FA06C22BC77D7500C7378B /* UpperENGample.json in Resources */,
			);
			runOnlyForDeploymentPostprocessing = 0;
		};
		7473FF7829F6906900F2F058 /* Resources */ = {
			isa = PBXResourcesBuildPhase;
			buildActionMask = 2147483647;
			files = (
				74FA06CF2BC77DE900C7378B /* UpperENGample.json in Resources */,
				74FA06D02BC77DE900C7378B /* ENGample.json in Resources */,
				74FA06D12BC77DE900C7378B /* KKORample.json in Resources */,
				74FA06D22BC77DE900C7378B /* KORample.json in Resources */,
				74FA06D32BC77DE900C7378B /* SPCample.json in Resources */,
				74FA06D42BC77DE900C7378B /* NUMample.json in Resources */,
			);
			runOnlyForDeploymentPostprocessing = 0;
		};
/* End PBXResourcesBuildPhase section */

/* Begin PBXSourcesBuildPhase section */
		7473FF5129F68D0400F2F058 /* Sources */ = {
			isa = PBXSourcesBuildPhase;
			buildActionMask = 2147483647;
			files = (
				74FA06B42BC77D7500C7378B /* KeyRow.swift in Sources */,
				7473FF5B29F68D0400F2F058 /* ContentView.swift in Sources */,
				7400F3452AA5FDA1003CB8BA /* PickerField.swift in Sources */,
				74FA06B92BC77D7500C7378B /* InputController.swift in Sources */,
				74FA06BA2BC77D7500C7378B /* InputController+Combine.swift in Sources */,
				74FA06B52BC77D7500C7378B /* Keyboard.swift in Sources */,
				74FA06B62BC77D7500C7378B /* String+Extension.swift in Sources */,
				74FA06B12BC77D7500C7378B /* KeyboardLayoutEvent.swift in Sources */,
				74FA06B32BC77D7500C7378B /* KeyButton.swift in Sources */,
				74FA06B72BC77D7500C7378B /* KeyboardDataModel.swift in Sources */,
				74FA06B02BC77D7500C7378B /* KeyActionEventType.swift in Sources */,
				7473FF5929F68D0400F2F058 /* SwiftKeyboardApp.swift in Sources */,
				7400F3432AA5FAB1003CB8BA /* PickerTextField.swift in Sources */,
				74FA06BB2BC77D7500C7378B /* KeyboardInputViewController.swift in Sources */,
				74FA06B82BC77D7500C7378B /* KeyActionController.swift in Sources */,
				74FA06AF2BC77D7500C7378B /* EventMediatorProtocol.swift in Sources */,
				74FA06BC2BC77D7500C7378B /* KeyboardUIController.swift in Sources */,
				74FA06B22BC77D7500C7378B /* KeyboardUIEventType.swift in Sources */,
			);
			runOnlyForDeploymentPostprocessing = 0;
		};
		7473FF7629F6906900F2F058 /* Sources */ = {
			isa = PBXSourcesBuildPhase;
			buildActionMask = 2147483647;
			files = (
				74FA06C42BC77DC000C7378B /* InputController.swift in Sources */,
				74FA06C52BC77DC300C7378B /* InputController+Combine.swift in Sources */,
				74FA06C62BC77DDC00C7378B /* EventMediatorProtocol.swift in Sources */,
				74FA06C72BC77DDC00C7378B /* KeyRow.swift in Sources */,
				74FA06CE2BC77DE400C7378B /* String+Extension.swift in Sources */,
				74FA06C82BC77DDC00C7378B /* KeyboardLayoutEvent.swift in Sources */,
				74FA06C92BC77DDC00C7378B /* KeyButton.swift in Sources */,
				74FA06CA2BC77DDC00C7378B /* KeyActionEventType.swift in Sources */,
				74FA06CB2BC77DDC00C7378B /* KeyboardUIEventType.swift in Sources */,
				74FA06CC2BC77DDC00C7378B /* Keyboard.swift in Sources */,
				74FA06D62BC77E2D00C7378B /* KeyboardInputViewController.swift in Sources */,
				74FA06D52BC77E2A00C7378B /* KeyboardUIController.swift in Sources */,
				74FA06CD2BC77DE100C7378B /* KeyboardDataModel.swift in Sources */,
				74FA06C32BC77DBB00C7378B /* KeyActionController.swift in Sources */,
			);
			runOnlyForDeploymentPostprocessing = 0;
		};
/* End PBXSourcesBuildPhase section */

/* Begin PBXTargetDependency section */
		7473FF8029F6906900F2F058 /* PBXTargetDependency */ = {
			isa = PBXTargetDependency;
			target = 7473FF7929F6906900F2F058 /* KeyboardExampleExtension */;
			targetProxy = 7473FF7F29F6906900F2F058 /* PBXContainerItemProxy */;
		};
/* End PBXTargetDependency section */

/* Begin XCBuildConfiguration section */
		7473FF6129F68D0600F2F058 /* Debug */ = {
			isa = XCBuildConfiguration;
			buildSettings = {
				ALWAYS_SEARCH_USER_PATHS = NO;
				CLANG_ANALYZER_NONNULL = YES;
				CLANG_ANALYZER_NUMBER_OBJECT_CONVERSION = YES_AGGRESSIVE;
				CLANG_CXX_LANGUAGE_STANDARD = "gnu++20";
				CLANG_ENABLE_MODULES = YES;
				CLANG_ENABLE_OBJC_ARC = YES;
				CLANG_ENABLE_OBJC_WEAK = YES;
				CLANG_WARN_BLOCK_CAPTURE_AUTORELEASING = YES;
				CLANG_WARN_BOOL_CONVERSION = YES;
				CLANG_WARN_COMMA = YES;
				CLANG_WARN_CONSTANT_CONVERSION = YES;
				CLANG_WARN_DEPRECATED_OBJC_IMPLEMENTATIONS = YES;
				CLANG_WARN_DIRECT_OBJC_ISA_USAGE = YES_ERROR;
				CLANG_WARN_DOCUMENTATION_COMMENTS = YES;
				CLANG_WARN_EMPTY_BODY = YES;
				CLANG_WARN_ENUM_CONVERSION = YES;
				CLANG_WARN_INFINITE_RECURSION = YES;
				CLANG_WARN_INT_CONVERSION = YES;
				CLANG_WARN_NON_LITERAL_NULL_CONVERSION = YES;
				CLANG_WARN_OBJC_IMPLICIT_RETAIN_SELF = YES;
				CLANG_WARN_OBJC_LITERAL_CONVERSION = YES;
				CLANG_WARN_OBJC_ROOT_CLASS = YES_ERROR;
				CLANG_WARN_QUOTED_INCLUDE_IN_FRAMEWORK_HEADER = YES;
				CLANG_WARN_RANGE_LOOP_ANALYSIS = YES;
				CLANG_WARN_STRICT_PROTOTYPES = YES;
				CLANG_WARN_SUSPICIOUS_MOVE = YES;
				CLANG_WARN_UNGUARDED_AVAILABILITY = YES_AGGRESSIVE;
				CLANG_WARN_UNREACHABLE_CODE = YES;
				CLANG_WARN__DUPLICATE_METHOD_MATCH = YES;
				COPY_PHASE_STRIP = NO;
				DEBUG_INFORMATION_FORMAT = dwarf;
				ENABLE_STRICT_OBJC_MSGSEND = YES;
				ENABLE_TESTABILITY = YES;
				GCC_C_LANGUAGE_STANDARD = gnu11;
				GCC_DYNAMIC_NO_PIC = NO;
				GCC_NO_COMMON_BLOCKS = YES;
				GCC_OPTIMIZATION_LEVEL = 0;
				GCC_PREPROCESSOR_DEFINITIONS = (
					"DEBUG=1",
					"$(inherited)",
				);
				GCC_WARN_64_TO_32_BIT_CONVERSION = YES;
				GCC_WARN_ABOUT_RETURN_TYPE = YES_ERROR;
				GCC_WARN_UNDECLARED_SELECTOR = YES;
				GCC_WARN_UNINITIALIZED_AUTOS = YES_AGGRESSIVE;
				GCC_WARN_UNUSED_FUNCTION = YES;
				GCC_WARN_UNUSED_VARIABLE = YES;
				IPHONEOS_DEPLOYMENT_TARGET = 17.0;
				MTL_ENABLE_DEBUG_INFO = INCLUDE_SOURCE;
				MTL_FAST_MATH = YES;
				ONLY_ACTIVE_ARCH = YES;
				SDKROOT = iphoneos;
				SWIFT_ACTIVE_COMPILATION_CONDITIONS = DEBUG;
				SWIFT_OPTIMIZATION_LEVEL = "-Onone";
			};
			name = Debug;
		};
		7473FF6229F68D0600F2F058 /* Release */ = {
			isa = XCBuildConfiguration;
			buildSettings = {
				ALWAYS_SEARCH_USER_PATHS = NO;
				CLANG_ANALYZER_NONNULL = YES;
				CLANG_ANALYZER_NUMBER_OBJECT_CONVERSION = YES_AGGRESSIVE;
				CLANG_CXX_LANGUAGE_STANDARD = "gnu++20";
				CLANG_ENABLE_MODULES = YES;
				CLANG_ENABLE_OBJC_ARC = YES;
				CLANG_ENABLE_OBJC_WEAK = YES;
				CLANG_WARN_BLOCK_CAPTURE_AUTORELEASING = YES;
				CLANG_WARN_BOOL_CONVERSION = YES;
				CLANG_WARN_COMMA = YES;
				CLANG_WARN_CONSTANT_CONVERSION = YES;
				CLANG_WARN_DEPRECATED_OBJC_IMPLEMENTATIONS = YES;
				CLANG_WARN_DIRECT_OBJC_ISA_USAGE = YES_ERROR;
				CLANG_WARN_DOCUMENTATION_COMMENTS = YES;
				CLANG_WARN_EMPTY_BODY = YES;
				CLANG_WARN_ENUM_CONVERSION = YES;
				CLANG_WARN_INFINITE_RECURSION = YES;
				CLANG_WARN_INT_CONVERSION = YES;
				CLANG_WARN_NON_LITERAL_NULL_CONVERSION = YES;
				CLANG_WARN_OBJC_IMPLICIT_RETAIN_SELF = YES;
				CLANG_WARN_OBJC_LITERAL_CONVERSION = YES;
				CLANG_WARN_OBJC_ROOT_CLASS = YES_ERROR;
				CLANG_WARN_QUOTED_INCLUDE_IN_FRAMEWORK_HEADER = YES;
				CLANG_WARN_RANGE_LOOP_ANALYSIS = YES;
				CLANG_WARN_STRICT_PROTOTYPES = YES;
				CLANG_WARN_SUSPICIOUS_MOVE = YES;
				CLANG_WARN_UNGUARDED_AVAILABILITY = YES_AGGRESSIVE;
				CLANG_WARN_UNREACHABLE_CODE = YES;
				CLANG_WARN__DUPLICATE_METHOD_MATCH = YES;
				COPY_PHASE_STRIP = NO;
				DEBUG_INFORMATION_FORMAT = "dwarf-with-dsym";
				ENABLE_NS_ASSERTIONS = NO;
				ENABLE_STRICT_OBJC_MSGSEND = YES;
				GCC_C_LANGUAGE_STANDARD = gnu11;
				GCC_NO_COMMON_BLOCKS = YES;
				GCC_WARN_64_TO_32_BIT_CONVERSION = YES;
				GCC_WARN_ABOUT_RETURN_TYPE = YES_ERROR;
				GCC_WARN_UNDECLARED_SELECTOR = YES;
				GCC_WARN_UNINITIALIZED_AUTOS = YES_AGGRESSIVE;
				GCC_WARN_UNUSED_FUNCTION = YES;
				GCC_WARN_UNUSED_VARIABLE = YES;
				IPHONEOS_DEPLOYMENT_TARGET = 17.0;
				MTL_ENABLE_DEBUG_INFO = NO;
				MTL_FAST_MATH = YES;
				SDKROOT = iphoneos;
				SWIFT_COMPILATION_MODE = wholemodule;
				SWIFT_OPTIMIZATION_LEVEL = "-O";
				VALIDATE_PRODUCT = YES;
			};
			name = Release;
		};
		7473FF6429F68D0600F2F058 /* Debug */ = {
			isa = XCBuildConfiguration;
			buildSettings = {
				ALWAYS_EMBED_SWIFT_STANDARD_LIBRARIES = YES;
				ASSETCATALOG_COMPILER_APPICON_NAME = AppIcon;
				ASSETCATALOG_COMPILER_GLOBAL_ACCENT_COLOR_NAME = AccentColor;
				CODE_SIGN_STYLE = Automatic;
				CURRENT_PROJECT_VERSION = 1;
				DEVELOPMENT_ASSET_PATHS = "KeyboardApp/Preview\\ Content";
				DEVELOPMENT_TEAM = CMPZAY722Y;
				ENABLE_PREVIEWS = YES;
				GENERATE_INFOPLIST_FILE = YES;
				INFOPLIST_KEY_LSApplicationCategoryType = "public.app-category.utilities";
				INFOPLIST_KEY_UIApplicationSceneManifest_Generation = YES;
				INFOPLIST_KEY_UIApplicationSupportsIndirectInputEvents = YES;
				INFOPLIST_KEY_UILaunchScreen_Generation = YES;
				INFOPLIST_KEY_UISupportedInterfaceOrientations_iPad = "UIInterfaceOrientationPortrait UIInterfaceOrientationPortraitUpsideDown UIInterfaceOrientationLandscapeLeft UIInterfaceOrientationLandscapeRight";
				INFOPLIST_KEY_UISupportedInterfaceOrientations_iPhone = "UIInterfaceOrientationPortrait UIInterfaceOrientationLandscapeLeft UIInterfaceOrientationLandscapeRight";
				IPHONEOS_DEPLOYMENT_TARGET = 17.0;
				LD_RUNPATH_SEARCH_PATHS = (
					"$(inherited)",
					"@executable_path/Frameworks",
				);
				MARKETING_VERSION = 1.0;
				PRODUCT_BUNDLE_IDENTIFIER = ex.app.Keyboard;
				PRODUCT_NAME = "$(TARGET_NAME)";
				SWIFT_EMIT_LOC_STRINGS = YES;
				SWIFT_VERSION = 5.0;
				TARGETED_DEVICE_FAMILY = "1,2";
			};
			name = Debug;
		};
		7473FF6529F68D0600F2F058 /* Release */ = {
			isa = XCBuildConfiguration;
			buildSettings = {
				ALWAYS_EMBED_SWIFT_STANDARD_LIBRARIES = YES;
				ASSETCATALOG_COMPILER_APPICON_NAME = AppIcon;
				ASSETCATALOG_COMPILER_GLOBAL_ACCENT_COLOR_NAME = AccentColor;
				CODE_SIGN_STYLE = Automatic;
				CURRENT_PROJECT_VERSION = 1;
				DEVELOPMENT_ASSET_PATHS = "KeyboardApp/Preview\\ Content";
				DEVELOPMENT_TEAM = CMPZAY722Y;
				ENABLE_PREVIEWS = YES;
				GENERATE_INFOPLIST_FILE = YES;
				INFOPLIST_KEY_LSApplicationCategoryType = "public.app-category.utilities";
				INFOPLIST_KEY_UIApplicationSceneManifest_Generation = YES;
				INFOPLIST_KEY_UIApplicationSupportsIndirectInputEvents = YES;
				INFOPLIST_KEY_UILaunchScreen_Generation = YES;
				INFOPLIST_KEY_UISupportedInterfaceOrientations_iPad = "UIInterfaceOrientationPortrait UIInterfaceOrientationPortraitUpsideDown UIInterfaceOrientationLandscapeLeft UIInterfaceOrientationLandscapeRight";
				INFOPLIST_KEY_UISupportedInterfaceOrientations_iPhone = "UIInterfaceOrientationPortrait UIInterfaceOrientationLandscapeLeft UIInterfaceOrientationLandscapeRight";
				IPHONEOS_DEPLOYMENT_TARGET = 17.0;
				LD_RUNPATH_SEARCH_PATHS = (
					"$(inherited)",
					"@executable_path/Frameworks",
				);
				MARKETING_VERSION = 1.0;
				PRODUCT_BUNDLE_IDENTIFIER = ex.app.Keyboard;
				PRODUCT_NAME = "$(TARGET_NAME)";
				SWIFT_EMIT_LOC_STRINGS = YES;
				SWIFT_VERSION = 5.0;
				TARGETED_DEVICE_FAMILY = "1,2";
			};
			name = Release;
		};
		7473FF8329F6906900F2F058 /* Debug */ = {
			isa = XCBuildConfiguration;
			buildSettings = {
				CODE_SIGN_STYLE = Automatic;
				CURRENT_PROJECT_VERSION = 1;
				DEVELOPMENT_TEAM = CMPZAY722Y;
				GENERATE_INFOPLIST_FILE = YES;
				INFOPLIST_FILE = KeyboardExtension/Info.plist;
				INFOPLIST_KEY_CFBundleDisplayName = KeyboardExample;
				INFOPLIST_KEY_NSHumanReadableCopyright = "";
				IPHONEOS_DEPLOYMENT_TARGET = 17.0;
				LD_RUNPATH_SEARCH_PATHS = (
					"$(inherited)",
					"@executable_path/Frameworks",
					"@executable_path/../../Frameworks",
				);
				MARKETING_VERSION = 1.0;
				PRODUCT_BUNDLE_IDENTIFIER = ex.app.Keyboard.keyboard;
				PRODUCT_NAME = "$(TARGET_NAME)";
				SKIP_INSTALL = YES;
				SUPPORTED_PLATFORMS = "iphoneos iphonesimulator";
				SUPPORTS_MACCATALYST = NO;
				SUPPORTS_MAC_DESIGNED_FOR_IPHONE_IPAD = NO;
				SUPPORTS_XR_DESIGNED_FOR_IPHONE_IPAD = NO;
				SWIFT_EMIT_LOC_STRINGS = YES;
				SWIFT_VERSION = 5.0;
				TARGETED_DEVICE_FAMILY = 1;
			};
			name = Debug;
		};
		7473FF8429F6906900F2F058 /* Release */ = {
			isa = XCBuildConfiguration;
			buildSettings = {
				CODE_SIGN_STYLE = Automatic;
				CURRENT_PROJECT_VERSION = 1;
				DEVELOPMENT_TEAM = CMPZAY722Y;
				GENERATE_INFOPLIST_FILE = YES;
				INFOPLIST_FILE = KeyboardExtension/Info.plist;
				INFOPLIST_KEY_CFBundleDisplayName = KeyboardExample;
				INFOPLIST_KEY_NSHumanReadableCopyright = "";
				IPHONEOS_DEPLOYMENT_TARGET = 17.0;
				LD_RUNPATH_SEARCH_PATHS = (
					"$(inherited)",
					"@executable_path/Frameworks",
					"@executable_path/../../Frameworks",
				);
				MARKETING_VERSION = 1.0;
				PRODUCT_BUNDLE_IDENTIFIER = ex.app.Keyboard.keyboard;
				PRODUCT_NAME = "$(TARGET_NAME)";
				SKIP_INSTALL = YES;
				SUPPORTED_PLATFORMS = "iphoneos iphonesimulator";
				SUPPORTS_MACCATALYST = NO;
				SUPPORTS_MAC_DESIGNED_FOR_IPHONE_IPAD = NO;
				SUPPORTS_XR_DESIGNED_FOR_IPHONE_IPAD = NO;
				SWIFT_EMIT_LOC_STRINGS = YES;
				SWIFT_VERSION = 5.0;
				TARGETED_DEVICE_FAMILY = 1;
			};
			name = Release;
		};
/* End XCBuildConfiguration section */

/* Begin XCConfigurationList section */
		7473FF5029F68D0400F2F058 /* Build configuration list for PBXProject "KeyboardExample" */ = {
			isa = XCConfigurationList;
			buildConfigurations = (
				7473FF6129F68D0600F2F058 /* Debug */,
				7473FF6229F68D0600F2F058 /* Release */,
			);
			defaultConfigurationIsVisible = 0;
			defaultConfigurationName = Release;
		};
		7473FF6329F68D0600F2F058 /* Build configuration list for PBXNativeTarget "KeyboardExampleApp" */ = {
			isa = XCConfigurationList;
			buildConfigurations = (
				7473FF6429F68D0600F2F058 /* Debug */,
				7473FF6529F68D0600F2F058 /* Release */,
			);
			defaultConfigurationIsVisible = 0;
			defaultConfigurationName = Release;
		};
		7473FF8229F6906900F2F058 /* Build configuration list for PBXNativeTarget "KeyboardExampleExtension" */ = {
			isa = XCConfigurationList;
			buildConfigurations = (
				7473FF8329F6906900F2F058 /* Debug */,
				7473FF8429F6906900F2F058 /* Release */,
			);
			defaultConfigurationIsVisible = 0;
			defaultConfigurationName = Release;
		};
/* End XCConfigurationList section */
	};
	rootObject = 7473FF4D29F68D0400F2F058 /* Project object */;
}
